
Microsoft Visual Studio Solution File, Format Version 12.00
# Visual Studio Version 16
VisualStudioVersion = 16.0.31911.196
MinimumVisualStudioVersion = 10.0.40219.1
Project("{FAE04EC0-301F-11D3-BF4B-00C04F79EFBC}") = "Fitnes2", "Fitnes2\Fitnes2.csproj", "{1756EEC0-BCBA-4B21-A783-6A4725D1521B}"
EndProject
Project("{FAE04EC0-301F-11D3-BF4B-00C04F79EFBC}") = "AutorizationLibrary", "AutorizationLibrary\AutorizationLibrary.csproj", "{A16B2481-99F1-49F8-96F4-EA061600B03A}"
EndProject
Project("{FAE04EC0-301F-11D3-BF4B-00C04F79EFBC}") = "UnitTests", "UnitTests\UnitTests.csproj", "{84656359-090C-4012-9241-AF8916DF245B}"
EndProject
Global
	GlobalSection(SolutionConfigurationPlatforms) = preSolution
		Debug|Any CPU = Debug|Any CPU
		Release|Any CPU = Release|Any CPU
	EndGlobalSection
	GlobalSection(ProjectConfigurationPlatforms) = postSolution
		{1756EEC0-BCBA-4B21-A783-6A4725D1521B}.Debug|Any CPU.ActiveCfg = Debug|Any CPU
		{1756EEC0-BCBA-4B21-A783-6A4725D1521B}.Debug|Any CPU.Build.0 = Debug|Any CPU
		{1756EEC0-BCBA-4B21-A783-6A4725D1521B}.Release|Any CPU.ActiveCfg = Release|Any CPU
		{1756EEC0-BCBA-4B21-A783-6A4725D1521B}.Release|Any CPU.Build.0 = Release|Any CPU
		{A16B2481-99F1-49F8-96F4-EA061600B03A}.Debug|Any CPU.ActiveCfg = Debug|Any CPU
		{A16B2481-99F1-49F8-96F4-EA061600B03A}.Debug|Any CPU.Build.0 = Debug|Any CPU
		{A16B2481-99F1-49F8-96F4-EA061600B03A}.Release|Any CPU.ActiveCfg = Release|Any CPU
		{A16B2481-99F1-49F8-96F4-EA061600B03A}.Release|Any CPU.Build.0 = Release|Any CPU
		{84656359-090C-4012-9241-AF8916DF245B}.Debug|Any CPU.ActiveCfg = Debug|Any CPU
		{84656359-090C-4012-9241-AF8916DF245B}.Debug|Any CPU.Build.0 = Debug|Any CPU
		{84656359-090C-4012-9241-AF8916DF245B}.Release|Any CPU.ActiveCfg = Release|Any CPU
		{84656359-090C-4012-9241-AF8916DF245B}.Release|Any CPU.Build.0 = Release|Any CPU
	EndGlobalSection
	GlobalSection(SolutionProperties) = preSolution
		HideSolutionNode = FALSE
	EndGlobalSection
	GlobalSection(ExtensibilityGlobals) = postSolution
		SolutionGuid = {2999B401-BB5D-4E7F-891A-7A53E1B6C88E}
	EndGlobalSection
EndGlobal
